
Microsoft Visual Studio Solution File, Format Version 12.00
# Visual Studio Version 17
VisualStudioVersion = 17.1.32421.90
MinimumVisualStudioVersion = 10.0.40219.1
Project("{FAE04EC0-301F-11D3-BF4B-00C04F79EFBC}") = "ProtaV2", "ProtaV2\ProtaV2.csproj", "{C6B026B5-85D1-43D0-A209-3C3A417EBFB5}"
EndProject
Global
	GlobalSection(SolutionConfigurationPlatforms) = preSolution
		Debug|Any CPU = Debug|Any CPU
		Release|Any CPU = Release|Any CPU
	EndGlobalSection
	GlobalSection(ProjectConfigurationPlatforms) = postSolution
		{C6B026B5-85D1-43D0-A209-3C3A417EBFB5}.Debug|Any CPU.ActiveCfg = Debug|Any CPU
		{C6B026B5-85D1-43D0-A209-3C3A417EBFB5}.Debug|Any CPU.Build.0 = Debug|Any CPU
		{C6B026B5-85D1-43D0-A209-3C3A417EBFB5}.Release|Any CPU.ActiveCfg = Release|Any CPU
		{C6B026B5-85D1-43D0-A209-3C3A417EBFB5}.Release|Any CPU.Build.0 = Release|Any CPU
	EndGlobalSection
	GlobalSection(SolutionProperties) = preSolution
		HideSolutionNode = FALSE
	EndGlobalSection
	GlobalSection(ExtensibilityGlobals) = postSolution
		SolutionGuid = {91374D0E-5113-454C-AF93-D374B9CF2EFF}
	EndGlobalSection
EndGlobal
